
Microsoft Visual Studio Solution File, Format Version 12.00
# Visual Studio Version 17
VisualStudioVersion = 17.3.32901.215
MinimumVisualStudioVersion = 10.0.40219.1
Project("{9A19103F-16F7-4668-BE54-9A1E7A4F7556}") = "MainProject_Ben.Tests", "MainProject_Ben.Tests\MainProject_Ben.Tests.csproj", "{7A4B7B57-7403-4821-9653-6227E8A62F09}"
EndProject
Project("{9A19103F-16F7-4668-BE54-9A1E7A4F7556}") = "MainProject_Pat.Tests", "MainProject_Pat.Tests\MainProject_Pat.Tests.csproj", "{4BD71C58-423F-4170-88D6-21B2C5A207F7}"
EndProject
Project("{9A19103F-16F7-4668-BE54-9A1E7A4F7556}") = "MainProject_Group.Tests", "MainProject_Group.Tests\MainProject_Group.Tests.csproj", "{4DCC8CEF-83F8-4B81-B531-6C956BC65615}"
EndProject
Project("{FAE04EC0-301F-11D3-BF4B-00C04F79EFBC}") = "MainProject", "MainProgram\MainProject.csproj", "{1E9055C3-66F9-4E39-B860-5EE0F2264441}"
EndProject
Project("{9A19103F-16F7-4668-BE54-9A1E7A4F7556}") = "MainProject_Tom.Tests", "MainProject_Tom.Tests\MainProject_Tom.Tests.csproj", "{A6A20A2B-5916-406F-B56F-5824B9D7D8C6}"
EndProject
Global
	GlobalSection(SolutionConfigurationPlatforms) = preSolution
		Debug|Any CPU = Debug|Any CPU
		Release|Any CPU = Release|Any CPU
	EndGlobalSection
	GlobalSection(ProjectConfigurationPlatforms) = postSolution
		{7A4B7B57-7403-4821-9653-6227E8A62F09}.Debug|Any CPU.ActiveCfg = Debug|Any CPU
		{7A4B7B57-7403-4821-9653-6227E8A62F09}.Debug|Any CPU.Build.0 = Debug|Any CPU
		{7A4B7B57-7403-4821-9653-6227E8A62F09}.Release|Any CPU.ActiveCfg = Release|Any CPU
		{7A4B7B57-7403-4821-9653-6227E8A62F09}.Release|Any CPU.Build.0 = Release|Any CPU
		{4BD71C58-423F-4170-88D6-21B2C5A207F7}.Debug|Any CPU.ActiveCfg = Debug|Any CPU
		{4BD71C58-423F-4170-88D6-21B2C5A207F7}.Debug|Any CPU.Build.0 = Debug|Any CPU
		{4BD71C58-423F-4170-88D6-21B2C5A207F7}.Release|Any CPU.ActiveCfg = Release|Any CPU
		{4BD71C58-423F-4170-88D6-21B2C5A207F7}.Release|Any CPU.Build.0 = Release|Any CPU
		{4DCC8CEF-83F8-4B81-B531-6C956BC65615}.Debug|Any CPU.ActiveCfg = Debug|Any CPU
		{4DCC8CEF-83F8-4B81-B531-6C956BC65615}.Debug|Any CPU.Build.0 = Debug|Any CPU
		{4DCC8CEF-83F8-4B81-B531-6C956BC65615}.Release|Any CPU.ActiveCfg = Release|Any CPU
		{4DCC8CEF-83F8-4B81-B531-6C956BC65615}.Release|Any CPU.Build.0 = Release|Any CPU
		{1E9055C3-66F9-4E39-B860-5EE0F2264441}.Debug|Any CPU.ActiveCfg = Debug|Any CPU
		{1E9055C3-66F9-4E39-B860-5EE0F2264441}.Debug|Any CPU.Build.0 = Debug|Any CPU
		{1E9055C3-66F9-4E39-B860-5EE0F2264441}.Release|Any CPU.ActiveCfg = Release|Any CPU
		{1E9055C3-66F9-4E39-B860-5EE0F2264441}.Release|Any CPU.Build.0 = Release|Any CPU
		{A6A20A2B-5916-406F-B56F-5824B9D7D8C6}.Debug|Any CPU.ActiveCfg = Debug|Any CPU
		{A6A20A2B-5916-406F-B56F-5824B9D7D8C6}.Debug|Any CPU.Build.0 = Debug|Any CPU
		{A6A20A2B-5916-406F-B56F-5824B9D7D8C6}.Release|Any CPU.ActiveCfg = Release|Any CPU
		{A6A20A2B-5916-406F-B56F-5824B9D7D8C6}.Release|Any CPU.Build.0 = Release|Any CPU
	EndGlobalSection
	GlobalSection(SolutionProperties) = preSolution
		HideSolutionNode = FALSE
	EndGlobalSection
	GlobalSection(ExtensibilityGlobals) = postSolution
		SolutionGuid = {0B0B0E9D-8CF5-4B94-9149-95F067696169}
	EndGlobalSection
EndGlobal
